// !$*UTF8*$!
{
	archiveVersion = 1;
	classes = {
	};
	objectVersion = 55;
	objects = {

/* Begin PBXBuildFile section */
		3B0198AF275DAA2A00C985BF /* GFTitleLabel.swift in Sources */ = {isa = PBXBuildFile; fileRef = 3B0198AE275DAA2A00C985BF /* GFTitleLabel.swift */; };
		3B0198B1275F045000C985BF /* GFBodyLabel.swift in Sources */ = {isa = PBXBuildFile; fileRef = 3B0198B0275F045000C985BF /* GFBodyLabel.swift */; };
		3B0198B3275F080F00C985BF /* GFAlertVC.swift in Sources */ = {isa = PBXBuildFile; fileRef = 3B0198B2275F080F00C985BF /* GFAlertVC.swift */; };
		3B0198B5275F22AB00C985BF /* UIViewController+Ext.swift in Sources */ = {isa = PBXBuildFile; fileRef = 3B0198B4275F22AB00C985BF /* UIViewController+Ext.swift */; };
		3B4A817C278D2C1B0095130A /* GFAlertContainerView.swift in Sources */ = {isa = PBXBuildFile; fileRef = 3B4A817B278D2C1B0095130A /* GFAlertContainerView.swift */; };
		3B642378275746820078F017 /* AppDelegate.swift in Sources */ = {isa = PBXBuildFile; fileRef = 3B642377275746820078F017 /* AppDelegate.swift */; };
		3B64237A275746820078F017 /* SceneDelegate.swift in Sources */ = {isa = PBXBuildFile; fileRef = 3B642379275746820078F017 /* SceneDelegate.swift */; };
		3B642381275746860078F017 /* Assets.xcassets in Resources */ = {isa = PBXBuildFile; fileRef = 3B642380275746860078F017 /* Assets.xcassets */; };
		3B642384275746860078F017 /* LaunchScreen.storyboard in Resources */ = {isa = PBXBuildFile; fileRef = 3B642382275746860078F017 /* LaunchScreen.storyboard */; };
		3B64238C275882F90078F017 /* SearchVC.swift in Sources */ = {isa = PBXBuildFile; fileRef = 3B64238B275882F90078F017 /* SearchVC.swift */; };
		3B64238E275883820078F017 /* FavoritesListVC.swift in Sources */ = {isa = PBXBuildFile; fileRef = 3B64238D275883820078F017 /* FavoritesListVC.swift */; };
		3B6423902759EBAC0078F017 /* GFButton.swift in Sources */ = {isa = PBXBuildFile; fileRef = 3B64238F2759EBAC0078F017 /* GFButton.swift */; };
		3B6423922759F8230078F017 /* GFTextField.swift in Sources */ = {isa = PBXBuildFile; fileRef = 3B6423912759F8230078F017 /* GFTextField.swift */; };
		3B764D06275C8A4F00E92FFC /* FollowerListVC.swift in Sources */ = {isa = PBXBuildFile; fileRef = 3B764D05275C8A4F00E92FFC /* FollowerListVC.swift */; };
		3B7C9232276D9C340096CD0F /* UIHelper.swift in Sources */ = {isa = PBXBuildFile; fileRef = 3B7C9231276D9C340096CD0F /* UIHelper.swift */; };
		3B894C582772AA2700E84EEE /* GFEmptyStateView.swift in Sources */ = {isa = PBXBuildFile; fileRef = 3B894C572772AA2700E84EEE /* GFEmptyStateView.swift */; };
		3B894C5A277306BE00E84EEE /* UserInfoVC.swift in Sources */ = {isa = PBXBuildFile; fileRef = 3B894C59277306BE00E84EEE /* UserInfoVC.swift */; };
		3B894C5C2775A11000E84EEE /* GFError.swift in Sources */ = {isa = PBXBuildFile; fileRef = 3B894C5B2775A11000E84EEE /* GFError.swift */; };
		3B894C7E2776C12900E84EEE /* GFUserInfoHeaderVC.swift in Sources */ = {isa = PBXBuildFile; fileRef = 3B894C7D2776C12900E84EEE /* GFUserInfoHeaderVC.swift */; };
		3B894C802776C1C700E84EEE /* GFSecondaryTItleLabel.swift in Sources */ = {isa = PBXBuildFile; fileRef = 3B894C7F2776C1C700E84EEE /* GFSecondaryTItleLabel.swift */; };
		3B894C822776D02800E84EEE /* Constants.swift in Sources */ = {isa = PBXBuildFile; fileRef = 3B894C812776D02700E84EEE /* Constants.swift */; };
		3B894C842777B7A400E84EEE /* GFItemInfoView.swift in Sources */ = {isa = PBXBuildFile; fileRef = 3B894C832777B7A400E84EEE /* GFItemInfoView.swift */; };
		3B894C8627782C1A00E84EEE /* GFItemInfoVC.swift in Sources */ = {isa = PBXBuildFile; fileRef = 3B894C8527782C1A00E84EEE /* GFItemInfoVC.swift */; };
		3B894C882778320B00E84EEE /* GFRepoItemVC.swift in Sources */ = {isa = PBXBuildFile; fileRef = 3B894C872778320B00E84EEE /* GFRepoItemVC.swift */; };
		3B894C8A27783C6800E84EEE /* GFFollowerItemVC.swift in Sources */ = {isa = PBXBuildFile; fileRef = 3B894C8927783C6800E84EEE /* GFFollowerItemVC.swift */; };
		3B894C8D2778478300E84EEE /* Date+Ext.swift in Sources */ = {isa = PBXBuildFile; fileRef = 3B894C8C2778478200E84EEE /* Date+Ext.swift */; };
		3B894C91277A6C8600E84EEE /* PersistenceManager.swift in Sources */ = {isa = PBXBuildFile; fileRef = 3B894C90277A6C8500E84EEE /* PersistenceManager.swift */; };
		3B8A0F8227659EC400AB7070 /* FollowerCell.swift in Sources */ = {isa = PBXBuildFile; fileRef = 3B8A0F8127659EC400AB7070 /* FollowerCell.swift */; };
		3B8A0F842765A80F00AB7070 /* GFAvatarImageView.swift in Sources */ = {isa = PBXBuildFile; fileRef = 3B8A0F832765A80F00AB7070 /* GFAvatarImageView.swift */; };
		3B8AA60D278E91E100060AD9 /* GFDataLoadingVC.swift in Sources */ = {isa = PBXBuildFile; fileRef = 3B8AA60C278E91E100060AD9 /* GFDataLoadingVC.swift */; };
		3B9FC2C7277C21C500528D3C /* FavoritesCell.swift in Sources */ = {isa = PBXBuildFile; fileRef = 3B9FC2C6277C21C500528D3C /* FavoritesCell.swift */; };
		3BA13B84277ED70700A9AD9E /* GFTabBarContoller.swift in Sources */ = {isa = PBXBuildFile; fileRef = 3BA13B83277ED70700A9AD9E /* GFTabBarContoller.swift */; };
		3BC87AED2763026500FEB977 /* NetworkManager.swift in Sources */ = {isa = PBXBuildFile; fileRef = 3BC87AEC2763026500FEB977 /* NetworkManager.swift */; };
		3BCEE1342761C6A3007095D7 /* Follower.swift in Sources */ = {isa = PBXBuildFile; fileRef = 3BCEE1332761C6A3007095D7 /* Follower.swift */; };
		3BCEE1362761C6B3007095D7 /* User.swift in Sources */ = {isa = PBXBuildFile; fileRef = 3BCEE1352761C6B3007095D7 /* User.swift */; };
/* End PBXBuildFile section */

/* Begin PBXFileReference section */
		3B0198AE275DAA2A00C985BF /* GFTitleLabel.swift */ = {isa = PBXFileReference; lastKnownFileType = sourcecode.swift; path = GFTitleLabel.swift; sourceTree = "<group>"; };
		3B0198B0275F045000C985BF /* GFBodyLabel.swift */ = {isa = PBXFileReference; lastKnownFileType = sourcecode.swift; path = GFBodyLabel.swift; sourceTree = "<group>"; };
		3B0198B2275F080F00C985BF /* GFAlertVC.swift */ = {isa = PBXFileReference; lastKnownFileType = sourcecode.swift; path = GFAlertVC.swift; sourceTree = "<group>"; };
		3B0198B4275F22AB00C985BF /* UIViewController+Ext.swift */ = {isa = PBXFileReference; lastKnownFileType = sourcecode.swift; path = "UIViewController+Ext.swift"; sourceTree = "<group>"; };
		3B4A817B278D2C1B0095130A /* GFAlertContainerView.swift */ = {isa = PBXFileReference; lastKnownFileType = sourcecode.swift; path = GFAlertContainerView.swift; sourceTree = "<group>"; };
		3B642374275746820078F017 /* GitHub Followers.app */ = {isa = PBXFileReference; explicitFileType = wrapper.application; includeInIndex = 0; path = "GitHub Followers.app"; sourceTree = BUILT_PRODUCTS_DIR; };
		3B642377275746820078F017 /* AppDelegate.swift */ = {isa = PBXFileReference; lastKnownFileType = sourcecode.swift; path = AppDelegate.swift; sourceTree = "<group>"; };
		3B642379275746820078F017 /* SceneDelegate.swift */ = {isa = PBXFileReference; lastKnownFileType = sourcecode.swift; path = SceneDelegate.swift; sourceTree = "<group>"; };
		3B642380275746860078F017 /* Assets.xcassets */ = {isa = PBXFileReference; lastKnownFileType = folder.assetcatalog; path = Assets.xcassets; sourceTree = "<group>"; };
		3B642383275746860078F017 /* Base */ = {isa = PBXFileReference; lastKnownFileType = file.storyboard; name = Base; path = Base.lproj/LaunchScreen.storyboard; sourceTree = "<group>"; };
		3B642385275746860078F017 /* Info.plist */ = {isa = PBXFileReference; lastKnownFileType = text.plist.xml; path = Info.plist; sourceTree = "<group>"; };
		3B64238B275882F90078F017 /* SearchVC.swift */ = {isa = PBXFileReference; lastKnownFileType = sourcecode.swift; path = SearchVC.swift; sourceTree = "<group>"; };
		3B64238D275883820078F017 /* FavoritesListVC.swift */ = {isa = PBXFileReference; lastKnownFileType = sourcecode.swift; path = FavoritesListVC.swift; sourceTree = "<group>"; };
		3B64238F2759EBAC0078F017 /* GFButton.swift */ = {isa = PBXFileReference; lastKnownFileType = sourcecode.swift; path = GFButton.swift; sourceTree = "<group>"; };
		3B6423912759F8230078F017 /* GFTextField.swift */ = {isa = PBXFileReference; lastKnownFileType = sourcecode.swift; path = GFTextField.swift; sourceTree = "<group>"; };
		3B764D05275C8A4F00E92FFC /* FollowerListVC.swift */ = {isa = PBXFileReference; lastKnownFileType = sourcecode.swift; path = FollowerListVC.swift; sourceTree = "<group>"; };
		3B7C9231276D9C340096CD0F /* UIHelper.swift */ = {isa = PBXFileReference; lastKnownFileType = sourcecode.swift; path = UIHelper.swift; sourceTree = "<group>"; };
		3B894C572772AA2700E84EEE /* GFEmptyStateView.swift */ = {isa = PBXFileReference; lastKnownFileType = sourcecode.swift; path = GFEmptyStateView.swift; sourceTree = "<group>"; };
		3B894C59277306BE00E84EEE /* UserInfoVC.swift */ = {isa = PBXFileReference; lastKnownFileType = sourcecode.swift; path = UserInfoVC.swift; sourceTree = "<group>"; };
		3B894C5B2775A11000E84EEE /* GFError.swift */ = {isa = PBXFileReference; lastKnownFileType = sourcecode.swift; path = GFError.swift; sourceTree = "<group>"; };
		3B894C7D2776C12900E84EEE /* GFUserInfoHeaderVC.swift */ = {isa = PBXFileReference; lastKnownFileType = sourcecode.swift; path = GFUserInfoHeaderVC.swift; sourceTree = "<group>"; };
		3B894C7F2776C1C700E84EEE /* GFSecondaryTItleLabel.swift */ = {isa = PBXFileReference; lastKnownFileType = sourcecode.swift; path = GFSecondaryTItleLabel.swift; sourceTree = "<group>"; };
		3B894C812776D02700E84EEE /* Constants.swift */ = {isa = PBXFileReference; lastKnownFileType = sourcecode.swift; path = Constants.swift; sourceTree = "<group>"; };
		3B894C832777B7A400E84EEE /* GFItemInfoView.swift */ = {isa = PBXFileReference; lastKnownFileType = sourcecode.swift; path = GFItemInfoView.swift; sourceTree = "<group>"; };
		3B894C8527782C1A00E84EEE /* GFItemInfoVC.swift */ = {isa = PBXFileReference; lastKnownFileType = sourcecode.swift; path = GFItemInfoVC.swift; sourceTree = "<group>"; };
		3B894C872778320B00E84EEE /* GFRepoItemVC.swift */ = {isa = PBXFileReference; lastKnownFileType = sourcecode.swift; path = GFRepoItemVC.swift; sourceTree = "<group>"; };
		3B894C8927783C6800E84EEE /* GFFollowerItemVC.swift */ = {isa = PBXFileReference; lastKnownFileType = sourcecode.swift; path = GFFollowerItemVC.swift; sourceTree = "<group>"; };
		3B894C8C2778478200E84EEE /* Date+Ext.swift */ = {isa = PBXFileReference; lastKnownFileType = sourcecode.swift; path = "Date+Ext.swift"; sourceTree = "<group>"; };
		3B894C90277A6C8500E84EEE /* PersistenceManager.swift */ = {isa = PBXFileReference; lastKnownFileType = sourcecode.swift; path = PersistenceManager.swift; sourceTree = "<group>"; };
		3B8A0F8127659EC400AB7070 /* FollowerCell.swift */ = {isa = PBXFileReference; lastKnownFileType = sourcecode.swift; path = FollowerCell.swift; sourceTree = "<group>"; };
		3B8A0F832765A80F00AB7070 /* GFAvatarImageView.swift */ = {isa = PBXFileReference; lastKnownFileType = sourcecode.swift; path = GFAvatarImageView.swift; sourceTree = "<group>"; };
		3B8AA60C278E91E100060AD9 /* GFDataLoadingVC.swift */ = {isa = PBXFileReference; lastKnownFileType = sourcecode.swift; path = GFDataLoadingVC.swift; sourceTree = "<group>"; };
		3B9FC2C6277C21C500528D3C /* FavoritesCell.swift */ = {isa = PBXFileReference; lastKnownFileType = sourcecode.swift; path = FavoritesCell.swift; sourceTree = "<group>"; };
		3BA13B83277ED70700A9AD9E /* GFTabBarContoller.swift */ = {isa = PBXFileReference; lastKnownFileType = sourcecode.swift; path = GFTabBarContoller.swift; sourceTree = "<group>"; };
		3BC87AEC2763026500FEB977 /* NetworkManager.swift */ = {isa = PBXFileReference; lastKnownFileType = sourcecode.swift; path = NetworkManager.swift; sourceTree = "<group>"; };
		3BCEE1332761C6A3007095D7 /* Follower.swift */ = {isa = PBXFileReference; lastKnownFileType = sourcecode.swift; path = Follower.swift; sourceTree = "<group>"; };
		3BCEE1352761C6B3007095D7 /* User.swift */ = {isa = PBXFileReference; lastKnownFileType = sourcecode.swift; path = User.swift; sourceTree = "<group>"; };
/* End PBXFileReference section */

/* Begin PBXFrameworksBuildPhase section */
		3B642371275746820078F017 /* Frameworks */ = {
			isa = PBXFrameworksBuildPhase;
			buildActionMask = 2147483647;
			files = (
			);
			runOnlyForDeploymentPostprocessing = 0;
		};
/* End PBXFrameworksBuildPhase section */

/* Begin PBXGroup section */
		3B64236B275746820078F017 = {
			isa = PBXGroup;
			children = (
				3B642376275746820078F017 /* GitHub Followers */,
				3B642375275746820078F017 /* Products */,
			);
			sourceTree = "<group>";
		};
		3B642375275746820078F017 /* Products */ = {
			isa = PBXGroup;
			children = (
				3B642374275746820078F017 /* GitHub Followers.app */,
			);
			name = Products;
			sourceTree = "<group>";
		};
		3B642376275746820078F017 /* GitHub Followers */ = {
			isa = PBXGroup;
			children = (
				3B642385275746860078F017 /* Info.plist */,
				3B8A0F7D2764619400AB7070 /* Utilities */,
				3BC87AEB2763023E00FEB977 /* Managers */,
				3BCEE1322761C68F007095D7 /* Screens */,
				3BCEE1312761C688007095D7 /* Custom Views */,
				3BCEE1302761C67F007095D7 /* Extensions */,
				3BCEE12F2761C675007095D7 /* Support */,
				3BCEE12E2761C66F007095D7 /* Model */,
			);
			path = "GitHub Followers";
			sourceTree = "<group>";
		};
		3B894C512772A4A100E84EEE /* Views */ = {
			isa = PBXGroup;
			children = (
				3B894C572772AA2700E84EEE /* GFEmptyStateView.swift */,
				3B894C832777B7A400E84EEE /* GFItemInfoView.swift */,
				3B4A817B278D2C1B0095130A /* GFAlertContainerView.swift */,
			);
			path = Views;
			sourceTree = "<group>";
		};
		3B894C522772A4C400E84EEE /* TextFields */ = {
			isa = PBXGroup;
			children = (
				3B6423912759F8230078F017 /* GFTextField.swift */,
			);
			path = TextFields;
			sourceTree = "<group>";
		};
		3B894C532772A4CF00E84EEE /* Buttons */ = {
			isa = PBXGroup;
			children = (
				3B64238F2759EBAC0078F017 /* GFButton.swift */,
			);
			path = Buttons;
			sourceTree = "<group>";
		};
		3B894C542772A4D700E84EEE /* ImageViews */ = {
			isa = PBXGroup;
			children = (
				3B8A0F832765A80F00AB7070 /* GFAvatarImageView.swift */,
			);
			path = ImageViews;
			sourceTree = "<group>";
		};
		3B894C552772A4DE00E84EEE /* ViewControllers */ = {
			isa = PBXGroup;
			children = (
				3B894C8B27783CD600E84EEE /* Item Info VCs */,
				3B0198B2275F080F00C985BF /* GFAlertVC.swift */,
				3B894C7D2776C12900E84EEE /* GFUserInfoHeaderVC.swift */,
				3B8AA60C278E91E100060AD9 /* GFDataLoadingVC.swift */,
			);
			path = ViewControllers;
			sourceTree = "<group>";
		};
		3B894C562772A9C300E84EEE /* Labels */ = {
			isa = PBXGroup;
			children = (
				3B0198B0275F045000C985BF /* GFBodyLabel.swift */,
				3B0198AE275DAA2A00C985BF /* GFTitleLabel.swift */,
				3B894C7F2776C1C700E84EEE /* GFSecondaryTItleLabel.swift */,
			);
			path = Labels;
			sourceTree = "<group>";
		};
		3B894C8B27783CD600E84EEE /* Item Info VCs */ = {
			isa = PBXGroup;
			children = (
				3B894C8927783C6800E84EEE /* GFFollowerItemVC.swift */,
				3B894C872778320B00E84EEE /* GFRepoItemVC.swift */,
				3B894C8527782C1A00E84EEE /* GFItemInfoVC.swift */,
			);
			path = "Item Info VCs";
			sourceTree = "<group>";
		};
		3B8A0F7D2764619400AB7070 /* Utilities */ = {
			isa = PBXGroup;
			children = (
				3B7C9231276D9C340096CD0F /* UIHelper.swift */,
				3B894C5B2775A11000E84EEE /* GFError.swift */,
				3B894C812776D02700E84EEE /* Constants.swift */,
			);
			path = Utilities;
			sourceTree = "<group>";
		};
		3B8A0F8027659EA200AB7070 /* Cells */ = {
			isa = PBXGroup;
			children = (
				3B8A0F8127659EC400AB7070 /* FollowerCell.swift */,
				3B9FC2C6277C21C500528D3C /* FavoritesCell.swift */,
			);
			path = Cells;
			sourceTree = "<group>";
		};
		3BA13B82277ED6CD00A9AD9E /* TabBarControllers */ = {
			isa = PBXGroup;
			children = (
				3BA13B83277ED70700A9AD9E /* GFTabBarContoller.swift */,
			);
			path = TabBarControllers;
			sourceTree = "<group>";
		};
		3BC87AEB2763023E00FEB977 /* Managers */ = {
			isa = PBXGroup;
			children = (
				3BC87AEC2763026500FEB977 /* NetworkManager.swift */,
				3B894C90277A6C8500E84EEE /* PersistenceManager.swift */,
			);
			path = Managers;
			sourceTree = "<group>";
		};
		3BCEE12E2761C66F007095D7 /* Model */ = {
			isa = PBXGroup;
			children = (
				3BCEE1332761C6A3007095D7 /* Follower.swift */,
				3BCEE1352761C6B3007095D7 /* User.swift */,
			);
			path = Model;
			sourceTree = "<group>";
		};
		3BCEE12F2761C675007095D7 /* Support */ = {
			isa = PBXGroup;
			children = (
				3B642377275746820078F017 /* AppDelegate.swift */,
				3B642380275746860078F017 /* Assets.xcassets */,
				3B642382275746860078F017 /* LaunchScreen.storyboard */,
				3B642379275746820078F017 /* SceneDelegate.swift */,
			);
			path = Support;
			sourceTree = "<group>";
		};
		3BCEE1302761C67F007095D7 /* Extensions */ = {
			isa = PBXGroup;
			children = (
				3B0198B4275F22AB00C985BF /* UIViewController+Ext.swift */,
				3B894C8C2778478200E84EEE /* Date+Ext.swift */,
			);
			path = Extensions;
			sourceTree = "<group>";
		};
		3BCEE1312761C688007095D7 /* Custom Views */ = {
			isa = PBXGroup;
			children = (
				3BA13B82277ED6CD00A9AD9E /* TabBarControllers */,
				3B894C562772A9C300E84EEE /* Labels */,
				3B894C552772A4DE00E84EEE /* ViewControllers */,
				3B894C542772A4D700E84EEE /* ImageViews */,
				3B894C532772A4CF00E84EEE /* Buttons */,
				3B894C522772A4C400E84EEE /* TextFields */,
				3B894C512772A4A100E84EEE /* Views */,
				3B8A0F8027659EA200AB7070 /* Cells */,
			);
			path = "Custom Views";
			sourceTree = "<group>";
		};
		3BCEE1322761C68F007095D7 /* Screens */ = {
			isa = PBXGroup;
			children = (
				3B64238D275883820078F017 /* FavoritesListVC.swift */,
				3B764D05275C8A4F00E92FFC /* FollowerListVC.swift */,
				3B64238B275882F90078F017 /* SearchVC.swift */,
				3B894C59277306BE00E84EEE /* UserInfoVC.swift */,
			);
			path = Screens;
			sourceTree = "<group>";
		};
/* End PBXGroup section */

/* Begin PBXNativeTarget section */
		3B642373275746820078F017 /* GitHub Followers */ = {
			isa = PBXNativeTarget;
			buildConfigurationList = 3B642388275746860078F017 /* Build configuration list for PBXNativeTarget "GitHub Followers" */;
			buildPhases = (
				3B642370275746820078F017 /* Sources */,
				3B642371275746820078F017 /* Frameworks */,
				3B642372275746820078F017 /* Resources */,
			);
			buildRules = (
			);
			dependencies = (
			);
			name = "GitHub Followers";
			productName = "GitHub Followers";
			productReference = 3B642374275746820078F017 /* GitHub Followers.app */;
			productType = "com.apple.product-type.application";
		};
/* End PBXNativeTarget section */

/* Begin PBXProject section */
		3B64236C275746820078F017 /* Project object */ = {
			isa = PBXProject;
			attributes = {
				BuildIndependentTargetsInParallel = 1;
				LastSwiftUpdateCheck = 1310;
				LastUpgradeCheck = 1310;
				TargetAttributes = {
					3B642373275746820078F017 = {
						CreatedOnToolsVersion = 13.1;
					};
				};
			};
			buildConfigurationList = 3B64236F275746820078F017 /* Build configuration list for PBXProject "GitHub Followers" */;
			compatibilityVersion = "Xcode 13.0";
			developmentRegion = en;
			hasScannedForEncodings = 0;
			knownRegions = (
				en,
				Base,
			);
			mainGroup = 3B64236B275746820078F017;
			productRefGroup = 3B642375275746820078F017 /* Products */;
			projectDirPath = "";
			projectRoot = "";
			targets = (
				3B642373275746820078F017 /* GitHub Followers */,
			);
		};
/* End PBXProject section */

/* Begin PBXResourcesBuildPhase section */
		3B642372275746820078F017 /* Resources */ = {
			isa = PBXResourcesBuildPhase;
			buildActionMask = 2147483647;
			files = (
				3B642384275746860078F017 /* LaunchScreen.storyboard in Resources */,
				3B642381275746860078F017 /* Assets.xcassets in Resources */,
			);
			runOnlyForDeploymentPostprocessing = 0;
		};
/* End PBXResourcesBuildPhase section */

/* Begin PBXSourcesBuildPhase section */
		3B642370275746820078F017 /* Sources */ = {
			isa = PBXSourcesBuildPhase;
			buildActionMask = 2147483647;
			files = (
				3BCEE1362761C6B3007095D7 /* User.swift in Sources */,
				3B6423922759F8230078F017 /* GFTextField.swift in Sources */,
				3B9FC2C7277C21C500528D3C /* FavoritesCell.swift in Sources */,
				3B64238E275883820078F017 /* FavoritesListVC.swift in Sources */,
				3B6423902759EBAC0078F017 /* GFButton.swift in Sources */,
				3B0198B5275F22AB00C985BF /* UIViewController+Ext.swift in Sources */,
				3B7C9232276D9C340096CD0F /* UIHelper.swift in Sources */,
				3B894C8627782C1A00E84EEE /* GFItemInfoVC.swift in Sources */,
				3B894C822776D02800E84EEE /* Constants.swift in Sources */,
				3B8A0F842765A80F00AB7070 /* GFAvatarImageView.swift in Sources */,
				3B64238C275882F90078F017 /* SearchVC.swift in Sources */,
				3B0198B3275F080F00C985BF /* GFAlertVC.swift in Sources */,
				3B894C8A27783C6800E84EEE /* GFFollowerItemVC.swift in Sources */,
				3B894C842777B7A400E84EEE /* GFItemInfoView.swift in Sources */,
				3B8A0F8227659EC400AB7070 /* FollowerCell.swift in Sources */,
				3B0198B1275F045000C985BF /* GFBodyLabel.swift in Sources */,
				3B894C7E2776C12900E84EEE /* GFUserInfoHeaderVC.swift in Sources */,
				3B894C5C2775A11000E84EEE /* GFError.swift in Sources */,
				3B894C802776C1C700E84EEE /* GFSecondaryTItleLabel.swift in Sources */,
				3B8AA60D278E91E100060AD9 /* GFDataLoadingVC.swift in Sources */,
				3BCEE1342761C6A3007095D7 /* Follower.swift in Sources */,
				3B4A817C278D2C1B0095130A /* GFAlertContainerView.swift in Sources */,
				3B894C8D2778478300E84EEE /* Date+Ext.swift in Sources */,
				3B894C91277A6C8600E84EEE /* PersistenceManager.swift in Sources */,
				3B0198AF275DAA2A00C985BF /* GFTitleLabel.swift in Sources */,
				3B894C582772AA2700E84EEE /* GFEmptyStateView.swift in Sources */,
				3BC87AED2763026500FEB977 /* NetworkManager.swift in Sources */,
				3B764D06275C8A4F00E92FFC /* FollowerListVC.swift in Sources */,
				3B642378275746820078F017 /* AppDelegate.swift in Sources */,
				3B64237A275746820078F017 /* SceneDelegate.swift in Sources */,
				3BA13B84277ED70700A9AD9E /* GFTabBarContoller.swift in Sources */,
				3B894C882778320B00E84EEE /* GFRepoItemVC.swift in Sources */,
				3B894C5A277306BE00E84EEE /* UserInfoVC.swift in Sources */,
			);
			runOnlyForDeploymentPostprocessing = 0;
		};
/* End PBXSourcesBuildPhase section */

/* Begin PBXVariantGroup section */
		3B642382275746860078F017 /* LaunchScreen.storyboard */ = {
			isa = PBXVariantGroup;
			children = (
				3B642383275746860078F017 /* Base */,
			);
			name = LaunchScreen.storyboard;
			sourceTree = "<group>";
		};
/* End PBXVariantGroup section */

/* Begin XCBuildConfiguration section */
		3B642386275746860078F017 /* Debug */ = {
			isa = XCBuildConfiguration;
			buildSettings = {
				ALWAYS_SEARCH_USER_PATHS = NO;
				CLANG_ANALYZER_NONNULL = YES;
				CLANG_ANALYZER_NUMBER_OBJECT_CONVERSION = YES_AGGRESSIVE;
				CLANG_CXX_LANGUAGE_STANDARD = "gnu++17";
				CLANG_CXX_LIBRARY = "libc++";
				CLANG_ENABLE_MODULES = YES;
				CLANG_ENABLE_OBJC_ARC = YES;
				CLANG_ENABLE_OBJC_WEAK = YES;
				CLANG_WARN_BLOCK_CAPTURE_AUTORELEASING = YES;
				CLANG_WARN_BOOL_CONVERSION = YES;
				CLANG_WARN_COMMA = YES;
				CLANG_WARN_CONSTANT_CONVERSION = YES;
				CLANG_WARN_DEPRECATED_OBJC_IMPLEMENTATIONS = YES;
				CLANG_WARN_DIRECT_OBJC_ISA_USAGE = YES_ERROR;
				CLANG_WARN_DOCUMENTATION_COMMENTS = YES;
				CLANG_WARN_EMPTY_BODY = YES;
				CLANG_WARN_ENUM_CONVERSION = YES;
				CLANG_WARN_INFINITE_RECURSION = YES;
				CLANG_WARN_INT_CONVERSION = YES;
				CLANG_WARN_NON_LITERAL_NULL_CONVERSION = YES;
				CLANG_WARN_OBJC_IMPLICIT_RETAIN_SELF = YES;
				CLANG_WARN_OBJC_LITERAL_CONVERSION = YES;
				CLANG_WARN_OBJC_ROOT_CLASS = YES_ERROR;
				CLANG_WARN_QUOTED_INCLUDE_IN_FRAMEWORK_HEADER = YES;
				CLANG_WARN_RANGE_LOOP_ANALYSIS = YES;
				CLANG_WARN_STRICT_PROTOTYPES = YES;
				CLANG_WARN_SUSPICIOUS_MOVE = YES;
				CLANG_WARN_UNGUARDED_AVAILABILITY = YES_AGGRESSIVE;
				CLANG_WARN_UNREACHABLE_CODE = YES;
				CLANG_WARN__DUPLICATE_METHOD_MATCH = YES;
				COPY_PHASE_STRIP = NO;
				DEBUG_INFORMATION_FORMAT = dwarf;
				ENABLE_STRICT_OBJC_MSGSEND = YES;
				ENABLE_TESTABILITY = YES;
				GCC_C_LANGUAGE_STANDARD = gnu11;
				GCC_DYNAMIC_NO_PIC = NO;
				GCC_NO_COMMON_BLOCKS = YES;
				GCC_OPTIMIZATION_LEVEL = 0;
				GCC_PREPROCESSOR_DEFINITIONS = (
					"DEBUG=1",
					"$(inherited)",
				);
				GCC_WARN_64_TO_32_BIT_CONVERSION = YES;
				GCC_WARN_ABOUT_RETURN_TYPE = YES_ERROR;
				GCC_WARN_UNDECLARED_SELECTOR = YES;
				GCC_WARN_UNINITIALIZED_AUTOS = YES_AGGRESSIVE;
				GCC_WARN_UNUSED_FUNCTION = YES;
				GCC_WARN_UNUSED_VARIABLE = YES;
				IPHONEOS_DEPLOYMENT_TARGET = 13.0;
				MTL_ENABLE_DEBUG_INFO = INCLUDE_SOURCE;
				MTL_FAST_MATH = YES;
				ONLY_ACTIVE_ARCH = YES;
				SDKROOT = iphoneos;
				SWIFT_ACTIVE_COMPILATION_CONDITIONS = DEBUG;
				SWIFT_OPTIMIZATION_LEVEL = "-Onone";
			};
			name = Debug;
		};
		3B642387275746860078F017 /* Release */ = {
			isa = XCBuildConfiguration;
			buildSettings = {
				ALWAYS_SEARCH_USER_PATHS = NO;
				CLANG_ANALYZER_NONNULL = YES;
				CLANG_ANALYZER_NUMBER_OBJECT_CONVERSION = YES_AGGRESSIVE;
				CLANG_CXX_LANGUAGE_STANDARD = "gnu++17";
				CLANG_CXX_LIBRARY = "libc++";
				CLANG_ENABLE_MODULES = YES;
				CLANG_ENABLE_OBJC_ARC = YES;
				CLANG_ENABLE_OBJC_WEAK = YES;
				CLANG_WARN_BLOCK_CAPTURE_AUTORELEASING = YES;
				CLANG_WARN_BOOL_CONVERSION = YES;
				CLANG_WARN_COMMA = YES;
				CLANG_WARN_CONSTANT_CONVERSION = YES;
				CLANG_WARN_DEPRECATED_OBJC_IMPLEMENTATIONS = YES;
				CLANG_WARN_DIRECT_OBJC_ISA_USAGE = YES_ERROR;
				CLANG_WARN_DOCUMENTATION_COMMENTS = YES;
				CLANG_WARN_EMPTY_BODY = YES;
				CLANG_WARN_ENUM_CONVERSION = YES;
				CLANG_WARN_INFINITE_RECURSION = YES;
				CLANG_WARN_INT_CONVERSION = YES;
				CLANG_WARN_NON_LITERAL_NULL_CONVERSION = YES;
				CLANG_WARN_OBJC_IMPLICIT_RETAIN_SELF = YES;
				CLANG_WARN_OBJC_LITERAL_CONVERSION = YES;
				CLANG_WARN_OBJC_ROOT_CLASS = YES_ERROR;
				CLANG_WARN_QUOTED_INCLUDE_IN_FRAMEWORK_HEADER = YES;
				CLANG_WARN_RANGE_LOOP_ANALYSIS = YES;
				CLANG_WARN_STRICT_PROTOTYPES = YES;
				CLANG_WARN_SUSPICIOUS_MOVE = YES;
				CLANG_WARN_UNGUARDED_AVAILABILITY = YES_AGGRESSIVE;
				CLANG_WARN_UNREACHABLE_CODE = YES;
				CLANG_WARN__DUPLICATE_METHOD_MATCH = YES;
				COPY_PHASE_STRIP = NO;
				DEBUG_INFORMATION_FORMAT = "dwarf-with-dsym";
				ENABLE_NS_ASSERTIONS = NO;
				ENABLE_STRICT_OBJC_MSGSEND = YES;
				GCC_C_LANGUAGE_STANDARD = gnu11;
				GCC_NO_COMMON_BLOCKS = YES;
				GCC_WARN_64_TO_32_BIT_CONVERSION = YES;
				GCC_WARN_ABOUT_RETURN_TYPE = YES_ERROR;
				GCC_WARN_UNDECLARED_SELECTOR = YES;
				GCC_WARN_UNINITIALIZED_AUTOS = YES_AGGRESSIVE;
				GCC_WARN_UNUSED_FUNCTION = YES;
				GCC_WARN_UNUSED_VARIABLE = YES;
				IPHONEOS_DEPLOYMENT_TARGET = 13.0;
				MTL_ENABLE_DEBUG_INFO = NO;
				MTL_FAST_MATH = YES;
				SDKROOT = iphoneos;
				SWIFT_COMPILATION_MODE = wholemodule;
				SWIFT_OPTIMIZATION_LEVEL = "-O";
				VALIDATE_PRODUCT = YES;
			};
			name = Release;
		};
		3B642389275746860078F017 /* Debug */ = {
			isa = XCBuildConfiguration;
			buildSettings = {
				ASSETCATALOG_COMPILER_APPICON_NAME = AppIcon;
				ASSETCATALOG_COMPILER_GLOBAL_ACCENT_COLOR_NAME = AccentColor;
				CODE_SIGN_STYLE = Automatic;
				CURRENT_PROJECT_VERSION = 1;
				DEVELOPMENT_TEAM = T36TC3XHYJ;
				GENERATE_INFOPLIST_FILE = YES;
				INFOPLIST_FILE = "GitHub Followers/Info.plist";
				INFOPLIST_KEY_UIApplicationSupportsIndirectInputEvents = YES;
				INFOPLIST_KEY_UILaunchStoryboardName = LaunchScreen;
				INFOPLIST_KEY_UISupportedInterfaceOrientations = UIInterfaceOrientationPortrait;
				INFOPLIST_KEY_UISupportedInterfaceOrientations_iPad = "UIInterfaceOrientationPortrait UIInterfaceOrientationPortraitUpsideDown UIInterfaceOrientationLandscapeLeft UIInterfaceOrientationLandscapeRight";
				INFOPLIST_KEY_UISupportedInterfaceOrientations_iPhone = "UIInterfaceOrientationPortrait UIInterfaceOrientationLandscapeLeft UIInterfaceOrientationLandscapeRight";
				IPHONEOS_DEPLOYMENT_TARGET = 13.2;
				LD_RUNPATH_SEARCH_PATHS = (
					"$(inherited)",
					"@executable_path/Frameworks",
				);
				MARKETING_VERSION = 1.0;
				PRODUCT_BUNDLE_IDENTIFIER = "com.justin747.GitHub-Followers";
				PRODUCT_NAME = "$(TARGET_NAME)";
				SWIFT_EMIT_LOC_STRINGS = YES;
				SWIFT_VERSION = 5.0;
				TARGETED_DEVICE_FAMILY = 1;
			};
			name = Debug;
		};
		3B64238A275746860078F017 /* Release */ = {
			isa = XCBuildConfiguration;
			buildSettings = {
				ASSETCATALOG_COMPILER_APPICON_NAME = AppIcon;
				ASSETCATALOG_COMPILER_GLOBAL_ACCENT_COLOR_NAME = AccentColor;
				CODE_SIGN_STYLE = Automatic;
				CURRENT_PROJECT_VERSION = 1;
				DEVELOPMENT_TEAM = T36TC3XHYJ;
				GENERATE_INFOPLIST_FILE = YES;
				INFOPLIST_FILE = "GitHub Followers/Info.plist";
				INFOPLIST_KEY_UIApplicationSupportsIndirectInputEvents = YES;
				INFOPLIST_KEY_UILaunchStoryboardName = LaunchScreen;
				INFOPLIST_KEY_UISupportedInterfaceOrientations = UIInterfaceOrientationPortrait;
				INFOPLIST_KEY_UISupportedInterfaceOrientations_iPad = "UIInterfaceOrientationPortrait UIInterfaceOrientationPortraitUpsideDown UIInterfaceOrientationLandscapeLeft UIInterfaceOrientationLandscapeRight";
				INFOPLIST_KEY_UISupportedInterfaceOrientations_iPhone = "UIInterfaceOrientationPortrait UIInterfaceOrientationLandscapeLeft UIInterfaceOrientationLandscapeRight";
				IPHONEOS_DEPLOYMENT_TARGET = 13.2;
				LD_RUNPATH_SEARCH_PATHS = (
					"$(inherited)",
					"@executable_path/Frameworks",
				);
				MARKETING_VERSION = 1.0;
				PRODUCT_BUNDLE_IDENTIFIER = "com.justin747.GitHub-Followers";
				PRODUCT_NAME = "$(TARGET_NAME)";
				SWIFT_EMIT_LOC_STRINGS = YES;
				SWIFT_VERSION = 5.0;
				TARGETED_DEVICE_FAMILY = 1;
			};
			name = Release;
		};
/* End XCBuildConfiguration section */

/* Begin XCConfigurationList section */
		3B64236F275746820078F017 /* Build configuration list for PBXProject "GitHub Followers" */ = {
			isa = XCConfigurationList;
			buildConfigurations = (
				3B642386275746860078F017 /* Debug */,
				3B642387275746860078F017 /* Release */,
			);
			defaultConfigurationIsVisible = 0;
			defaultConfigurationName = Release;
		};
		3B642388275746860078F017 /* Build configuration list for PBXNativeTarget "GitHub Followers" */ = {
			isa = XCConfigurationList;
			buildConfigurations = (
				3B642389275746860078F017 /* Debug */,
				3B64238A275746860078F017 /* Release */,
			);
			defaultConfigurationIsVisible = 0;
			defaultConfigurationName = Release;
		};
/* End XCConfigurationList section */
	};
	rootObject = 3B64236C275746820078F017 /* Project object */;
}
