// !$*UTF8*$!
{
	archiveVersion = 1;
	classes = {
	};
	objectVersion = 55;
	objects = {

/* Begin PBXBuildFile section */
		3B0198AF275DAA2A00C985BF /* GFTitleLabel.swift in Sources */ = {isa = PBXBuildFile; fileRef = 3B0198AE275DAA2A00C985BF /* GFTitleLabel.swift */; };
		3B0198B1275F045000C985BF /* GFBodyLabel.swift in Sources */ = {isa = PBXBuildFile; fileRef = 3B0198B0275F045000C985BF /* GFBodyLabel.swift */; };
		3B0198B3275F080F00C985BF /* GFAlertVC.swift in Sources */ = {isa = PBXBuildFile; fileRef = 3B0198B2275F080F00C985BF /* GFAlertVC.swift */; };
		3B0198B5275F22AB00C985BF /* UIViewController+Ext.swift in Sources */ = {isa = PBXBuildFile; fileRef = 3B0198B4275F22AB00C985BF /* UIViewController+Ext.swift */; };
		3B642378275746820078F017 /* AppDelegate.swift in Sources */ = {isa = PBXBuildFile; fileRef = 3B642377275746820078F017 /* AppDelegate.swift */; };
		3B64237A275746820078F017 /* SceneDelegate.swift in Sources */ = {isa = PBXBuildFile; fileRef = 3B642379275746820078F017 /* SceneDelegate.swift */; };
		3B642381275746860078F017 /* Assets.xcassets in Resources */ = {isa = PBXBuildFile; fileRef = 3B642380275746860078F017 /* Assets.xcassets */; };
		3B642384275746860078F017 /* LaunchScreen.storyboard in Resources */ = {isa = PBXBuildFile; fileRef = 3B642382275746860078F017 /* LaunchScreen.storyboard */; };
		3B64238C275882F90078F017 /* SearchVC.swift in Sources */ = {isa = PBXBuildFile; fileRef = 3B64238B275882F90078F017 /* SearchVC.swift */; };
		3B64238E275883820078F017 /* FavoritesListVC.swift in Sources */ = {isa = PBXBuildFile; fileRef = 3B64238D275883820078F017 /* FavoritesListVC.swift */; };
		3B6423902759EBAC0078F017 /* GFButton.swift in Sources */ = {isa = PBXBuildFile; fileRef = 3B64238F2759EBAC0078F017 /* GFButton.swift */; };
		3B6423922759F8230078F017 /* GFTextField.swift in Sources */ = {isa = PBXBuildFile; fileRef = 3B6423912759F8230078F017 /* GFTextField.swift */; };
		3B764D06275C8A4F00E92FFC /* FollowerListVC.swift in Sources */ = {isa = PBXBuildFile; fileRef = 3B764D05275C8A4F00E92FFC /* FollowerListVC.swift */; };
		3BCEE1342761C6A3007095D7 /* Follower.swift in Sources */ = {isa = PBXBuildFile; fileRef = 3BCEE1332761C6A3007095D7 /* Follower.swift */; };
		3BCEE1362761C6B3007095D7 /* User.swift in Sources */ = {isa = PBXBuildFile; fileRef = 3BCEE1352761C6B3007095D7 /* User.swift */; };
/* End PBXBuildFile section */

/* Begin PBXFileReference section */
		3B0198AE275DAA2A00C985BF /* GFTitleLabel.swift */ = {isa = PBXFileReference; lastKnownFileType = sourcecode.swift; path = GFTitleLabel.swift; sourceTree = "<group>"; };
		3B0198B0275F045000C985BF /* GFBodyLabel.swift */ = {isa = PBXFileReference; lastKnownFileType = sourcecode.swift; path = GFBodyLabel.swift; sourceTree = "<group>"; };
		3B0198B2275F080F00C985BF /* GFAlertVC.swift */ = {isa = PBXFileReference; lastKnownFileType = sourcecode.swift; path = GFAlertVC.swift; sourceTree = "<group>"; };
		3B0198B4275F22AB00C985BF /* UIViewController+Ext.swift */ = {isa = PBXFileReference; lastKnownFileType = sourcecode.swift; path = "UIViewController+Ext.swift"; sourceTree = "<group>"; };
		3B642374275746820078F017 /* GitHub Followers.app */ = {isa = PBXFileReference; explicitFileType = wrapper.application; includeInIndex = 0; path = "GitHub Followers.app"; sourceTree = BUILT_PRODUCTS_DIR; };
		3B642377275746820078F017 /* AppDelegate.swift */ = {isa = PBXFileReference; lastKnownFileType = sourcecode.swift; path = AppDelegate.swift; sourceTree = "<group>"; };
		3B642379275746820078F017 /* SceneDelegate.swift */ = {isa = PBXFileReference; lastKnownFileType = sourcecode.swift; path = SceneDelegate.swift; sourceTree = "<group>"; };
		3B642380275746860078F017 /* Assets.xcassets */ = {isa = PBXFileReference; lastKnownFileType = folder.assetcatalog; path = Assets.xcassets; sourceTree = "<group>"; };
		3B642383275746860078F017 /* Base */ = {isa = PBXFileReference; lastKnownFileType = file.storyboard; name = Base; path = Base.lproj/LaunchScreen.storyboard; sourceTree = "<group>"; };
		3B642385275746860078F017 /* Info.plist */ = {isa = PBXFileReference; lastKnownFileType = text.plist.xml; path = Info.plist; sourceTree = "<group>"; };
		3B64238B275882F90078F017 /* SearchVC.swift */ = {isa = PBXFileReference; lastKnownFileType = sourcecode.swift; path = SearchVC.swift; sourceTree = "<group>"; };
		3B64238D275883820078F017 /* FavoritesListVC.swift */ = {isa = PBXFileReference; lastKnownFileType = sourcecode.swift; path = FavoritesListVC.swift; sourceTree = "<group>"; };
		3B64238F2759EBAC0078F017 /* GFButton.swift */ = {isa = PBXFileReference; lastKnownFileType = sourcecode.swift; path = GFButton.swift; sourceTree = "<group>"; };
		3B6423912759F8230078F017 /* GFTextField.swift */ = {isa = PBXFileReference; lastKnownFileType = sourcecode.swift; path = GFTextField.swift; sourceTree = "<group>"; };
		3B764D05275C8A4F00E92FFC /* FollowerListVC.swift */ = {isa = PBXFileReference; lastKnownFileType = sourcecode.swift; path = FollowerListVC.swift; sourceTree = "<group>"; };
		3BCEE1332761C6A3007095D7 /* Follower.swift */ = {isa = PBXFileReference; lastKnownFileType = sourcecode.swift; path = Follower.swift; sourceTree = "<group>"; };
		3BCEE1352761C6B3007095D7 /* User.swift */ = {isa = PBXFileReference; lastKnownFileType = sourcecode.swift; path = User.swift; sourceTree = "<group>"; };
/* End PBXFileReference section */

/* Begin PBXFrameworksBuildPhase section */
		3B642371275746820078F017 /* Frameworks */ = {
			isa = PBXFrameworksBuildPhase;
			buildActionMask = 2147483647;
			files = (
			);
			runOnlyForDeploymentPostprocessing = 0;
		};
/* End PBXFrameworksBuildPhase section */

/* Begin PBXGroup section */
		3B64236B275746820078F017 = {
			isa = PBXGroup;
			children = (
				3B642376275746820078F017 /* GitHub Followers */,
				3B642375275746820078F017 /* Products */,
			);
			sourceTree = "<group>";
		};
		3B642375275746820078F017 /* Products */ = {
			isa = PBXGroup;
			children = (
				3B642374275746820078F017 /* GitHub Followers.app */,
			);
			name = Products;
			sourceTree = "<group>";
		};
		3B642376275746820078F017 /* GitHub Followers */ = {
			isa = PBXGroup;
			children = (
				3BCEE1322761C68F007095D7 /* Screens */,
				3BCEE1312761C688007095D7 /* Views */,
				3BCEE1302761C67F007095D7 /* Extensions */,
				3BCEE12F2761C675007095D7 /* Support */,
				3BCEE12E2761C66F007095D7 /* Model */,
			);
			path = "GitHub Followers";
			sourceTree = "<group>";
		};
		3BCEE12E2761C66F007095D7 /* Model */ = {
			isa = PBXGroup;
			children = (
				3BCEE1332761C6A3007095D7 /* Follower.swift */,
				3BCEE1352761C6B3007095D7 /* User.swift */,
			);
			path = Model;
			sourceTree = "<group>";
		};
		3BCEE12F2761C675007095D7 /* Support */ = {
			isa = PBXGroup;
			children = (
				3B642377275746820078F017 /* AppDelegate.swift */,
				3B642380275746860078F017 /* Assets.xcassets */,
				3B642385275746860078F017 /* Info.plist */,
				3B642382275746860078F017 /* LaunchScreen.storyboard */,
				3B642379275746820078F017 /* SceneDelegate.swift */,
			);
			path = Support;
			sourceTree = "<group>";
		};
		3BCEE1302761C67F007095D7 /* Extensions */ = {
			isa = PBXGroup;
			children = (
				3B0198B4275F22AB00C985BF /* UIViewController+Ext.swift */,
			);
			path = Extensions;
			sourceTree = "<group>";
		};
		3BCEE1312761C688007095D7 /* Views */ = {
			isa = PBXGroup;
			children = (
				3B0198B2275F080F00C985BF /* GFAlertVC.swift */,
				3B0198B0275F045000C985BF /* GFBodyLabel.swift */,
				3B64238F2759EBAC0078F017 /* GFButton.swift */,
				3B6423912759F8230078F017 /* GFTextField.swift */,
				3B0198AE275DAA2A00C985BF /* GFTitleLabel.swift */,
			);
			path = Views;
			sourceTree = "<group>";
		};
		3BCEE1322761C68F007095D7 /* Screens */ = {
			isa = PBXGroup;
			children = (
				3B64238D275883820078F017 /* FavoritesListVC.swift */,
				3B764D05275C8A4F00E92FFC /* FollowerListVC.swift */,
				3B64238B275882F90078F017 /* SearchVC.swift */,
			);
			path = Screens;
			sourceTree = "<group>";
		};
/* End PBXGroup section */

/* Begin PBXNativeTarget section */
		3B642373275746820078F017 /* GitHub Followers */ = {
			isa = PBXNativeTarget;
			buildConfigurationList = 3B642388275746860078F017 /* Build configuration list for PBXNativeTarget "GitHub Followers" */;
			buildPhases = (
				3B642370275746820078F017 /* Sources */,
				3B642371275746820078F017 /* Frameworks */,
				3B642372275746820078F017 /* Resources */,
			);
			buildRules = (
			);
			dependencies = (
			);
			name = "GitHub Followers";
			productName = "GitHub Followers";
			productReference = 3B642374275746820078F017 /* GitHub Followers.app */;
			productType = "com.apple.product-type.application";
		};
/* End PBXNativeTarget section */

/* Begin PBXProject section */
		3B64236C275746820078F017 /* Project object */ = {
			isa = PBXProject;
			attributes = {
				BuildIndependentTargetsInParallel = 1;
				LastSwiftUpdateCheck = 1310;
				LastUpgradeCheck = 1310;
				TargetAttributes = {
					3B642373275746820078F017 = {
						CreatedOnToolsVersion = 13.1;
					};
				};
			};
			buildConfigurationList = 3B64236F275746820078F017 /* Build configuration list for PBXProject "GitHub Followers" */;
			compatibilityVersion = "Xcode 13.0";
			developmentRegion = en;
			hasScannedForEncodings = 0;
			knownRegions = (
				en,
				Base,
			);
			mainGroup = 3B64236B275746820078F017;
			productRefGroup = 3B642375275746820078F017 /* Products */;
			projectDirPath = "";
			projectRoot = "";
			targets = (
				3B642373275746820078F017 /* GitHub Followers */,
			);
		};
/* End PBXProject section */

/* Begin PBXResourcesBuildPhase section */
		3B642372275746820078F017 /* Resources */ = {
			isa = PBXResourcesBuildPhase;
			buildActionMask = 2147483647;
			files = (
				3B642384275746860078F017 /* LaunchScreen.storyboard in Resources */,
				3B642381275746860078F017 /* Assets.xcassets in Resources */,
			);
			runOnlyForDeploymentPostprocessing = 0;
		};
/* End PBXResourcesBuildPhase section */

/* Begin PBXSourcesBuildPhase section */
		3B642370275746820078F017 /* Sources */ = {
			isa = PBXSourcesBuildPhase;
			buildActionMask = 2147483647;
			files = (
				3BCEE1362761C6B3007095D7 /* User.swift in Sources */,
				3B6423922759F8230078F017 /* GFTextField.swift in Sources */,
				3B64238E275883820078F017 /* FavoritesListVC.swift in Sources */,
				3B6423902759EBAC0078F017 /* GFButton.swift in Sources */,
				3B0198B5275F22AB00C985BF /* UIViewController+Ext.swift in Sources */,
				3B64238C275882F90078F017 /* SearchVC.swift in Sources */,
				3B0198B3275F080F00C985BF /* GFAlertVC.swift in Sources */,
				3B0198B1275F045000C985BF /* GFBodyLabel.swift in Sources */,
				3BCEE1342761C6A3007095D7 /* Follower.swift in Sources */,
				3B0198AF275DAA2A00C985BF /* GFTitleLabel.swift in Sources */,
				3B764D06275C8A4F00E92FFC /* FollowerListVC.swift in Sources */,
				3B642378275746820078F017 /* AppDelegate.swift in Sources */,
				3B64237A275746820078F017 /* SceneDelegate.swift in Sources */,
			);
			runOnlyForDeploymentPostprocessing = 0;
		};
/* End PBXSourcesBuildPhase section */

/* Begin PBXVariantGroup section */
		3B642382275746860078F017 /* LaunchScreen.storyboard */ = {
			isa = PBXVariantGroup;
			children = (
				3B642383275746860078F017 /* Base */,
			);
			name = LaunchScreen.storyboard;
			sourceTree = "<group>";
		};
/* End PBXVariantGroup section */

/* Begin XCBuildConfiguration section */
		3B642386275746860078F017 /* Debug */ = {
			isa = XCBuildConfiguration;
			buildSettings = {
				ALWAYS_SEARCH_USER_PATHS = NO;
				CLANG_ANALYZER_NONNULL = YES;
				CLANG_ANALYZER_NUMBER_OBJECT_CONVERSION = YES_AGGRESSIVE;
				CLANG_CXX_LANGUAGE_STANDARD = "gnu++17";
				CLANG_CXX_LIBRARY = "libc++";
				CLANG_ENABLE_MODULES = YES;
				CLANG_ENABLE_OBJC_ARC = YES;
				CLANG_ENABLE_OBJC_WEAK = YES;
				CLANG_WARN_BLOCK_CAPTURE_AUTORELEASING = YES;
				CLANG_WARN_BOOL_CONVERSION = YES;
				CLANG_WARN_COMMA = YES;
				CLANG_WARN_CONSTANT_CONVERSION = YES;
				CLANG_WARN_DEPRECATED_OBJC_IMPLEMENTATIONS = YES;
				CLANG_WARN_DIRECT_OBJC_ISA_USAGE = YES_ERROR;
				CLANG_WARN_DOCUMENTATION_COMMENTS = YES;
				CLANG_WARN_EMPTY_BODY = YES;
				CLANG_WARN_ENUM_CONVERSION = YES;
				CLANG_WARN_INFINITE_RECURSION = YES;
				CLANG_WARN_INT_CONVERSION = YES;
				CLANG_WARN_NON_LITERAL_NULL_CONVERSION = YES;
				CLANG_WARN_OBJC_IMPLICIT_RETAIN_SELF = YES;
				CLANG_WARN_OBJC_LITERAL_CONVERSION = YES;
				CLANG_WARN_OBJC_ROOT_CLASS = YES_ERROR;
				CLANG_WARN_QUOTED_INCLUDE_IN_FRAMEWORK_HEADER = YES;
				CLANG_WARN_RANGE_LOOP_ANALYSIS = YES;
				CLANG_WARN_STRICT_PROTOTYPES = YES;
				CLANG_WARN_SUSPICIOUS_MOVE = YES;
				CLANG_WARN_UNGUARDED_AVAILABILITY = YES_AGGRESSIVE;
				CLANG_WARN_UNREACHABLE_CODE = YES;
				CLANG_WARN__DUPLICATE_METHOD_MATCH = YES;
				COPY_PHASE_STRIP = NO;
				DEBUG_INFORMATION_FORMAT = dwarf;
				ENABLE_STRICT_OBJC_MSGSEND = YES;
				ENABLE_TESTABILITY = YES;
				GCC_C_LANGUAGE_STANDARD = gnu11;
				GCC_DYNAMIC_NO_PIC = NO;
				GCC_NO_COMMON_BLOCKS = YES;
				GCC_OPTIMIZATION_LEVEL = 0;
				GCC_PREPROCESSOR_DEFINITIONS = (
					"DEBUG=1",
					"$(inherited)",
				);
				GCC_WARN_64_TO_32_BIT_CONVERSION = YES;
				GCC_WARN_ABOUT_RETURN_TYPE = YES_ERROR;
				GCC_WARN_UNDECLARED_SELECTOR = YES;
				GCC_WARN_UNINITIALIZED_AUTOS = YES_AGGRESSIVE;
				GCC_WARN_UNUSED_FUNCTION = YES;
				GCC_WARN_UNUSED_VARIABLE = YES;
				IPHONEOS_DEPLOYMENT_TARGET = 15.0;
				MTL_ENABLE_DEBUG_INFO = INCLUDE_SOURCE;
				MTL_FAST_MATH = YES;
				ONLY_ACTIVE_ARCH = YES;
				SDKROOT = iphoneos;
				SWIFT_ACTIVE_COMPILATION_CONDITIONS = DEBUG;
				SWIFT_OPTIMIZATION_LEVEL = "-Onone";
			};
			name = Debug;
		};
		3B642387275746860078F017 /* Release */ = {
			isa = XCBuildConfiguration;
			buildSettings = {
				ALWAYS_SEARCH_USER_PATHS = NO;
				CLANG_ANALYZER_NONNULL = YES;
				CLANG_ANALYZER_NUMBER_OBJECT_CONVERSION = YES_AGGRESSIVE;
				CLANG_CXX_LANGUAGE_STANDARD = "gnu++17";
				CLANG_CXX_LIBRARY = "libc++";
				CLANG_ENABLE_MODULES = YES;
				CLANG_ENABLE_OBJC_ARC = YES;
				CLANG_ENABLE_OBJC_WEAK = YES;
				CLANG_WARN_BLOCK_CAPTURE_AUTORELEASING = YES;
				CLANG_WARN_BOOL_CONVERSION = YES;
				CLANG_WARN_COMMA = YES;
				CLANG_WARN_CONSTANT_CONVERSION = YES;
				CLANG_WARN_DEPRECATED_OBJC_IMPLEMENTATIONS = YES;
				CLANG_WARN_DIRECT_OBJC_ISA_USAGE = YES_ERROR;
				CLANG_WARN_DOCUMENTATION_COMMENTS = YES;
				CLANG_WARN_EMPTY_BODY = YES;
				CLANG_WARN_ENUM_CONVERSION = YES;
				CLANG_WARN_INFINITE_RECURSION = YES;
				CLANG_WARN_INT_CONVERSION = YES;
				CLANG_WARN_NON_LITERAL_NULL_CONVERSION = YES;
				CLANG_WARN_OBJC_IMPLICIT_RETAIN_SELF = YES;
				CLANG_WARN_OBJC_LITERAL_CONVERSION = YES;
				CLANG_WARN_OBJC_ROOT_CLASS = YES_ERROR;
				CLANG_WARN_QUOTED_INCLUDE_IN_FRAMEWORK_HEADER = YES;
				CLANG_WARN_RANGE_LOOP_ANALYSIS = YES;
				CLANG_WARN_STRICT_PROTOTYPES = YES;
				CLANG_WARN_SUSPICIOUS_MOVE = YES;
				CLANG_WARN_UNGUARDED_AVAILABILITY = YES_AGGRESSIVE;
				CLANG_WARN_UNREACHABLE_CODE = YES;
				CLANG_WARN__DUPLICATE_METHOD_MATCH = YES;
				COPY_PHASE_STRIP = NO;
				DEBUG_INFORMATION_FORMAT = "dwarf-with-dsym";
				ENABLE_NS_ASSERTIONS = NO;
				ENABLE_STRICT_OBJC_MSGSEND = YES;
				GCC_C_LANGUAGE_STANDARD = gnu11;
				GCC_NO_COMMON_BLOCKS = YES;
				GCC_WARN_64_TO_32_BIT_CONVERSION = YES;
				GCC_WARN_ABOUT_RETURN_TYPE = YES_ERROR;
				GCC_WARN_UNDECLARED_SELECTOR = YES;
				GCC_WARN_UNINITIALIZED_AUTOS = YES_AGGRESSIVE;
				GCC_WARN_UNUSED_FUNCTION = YES;
				GCC_WARN_UNUSED_VARIABLE = YES;
				IPHONEOS_DEPLOYMENT_TARGET = 15.0;
				MTL_ENABLE_DEBUG_INFO = NO;
				MTL_FAST_MATH = YES;
				SDKROOT = iphoneos;
				SWIFT_COMPILATION_MODE = wholemodule;
				SWIFT_OPTIMIZATION_LEVEL = "-O";
				VALIDATE_PRODUCT = YES;
			};
			name = Release;
		};
		3B642389275746860078F017 /* Debug */ = {
			isa = XCBuildConfiguration;
			buildSettings = {
				ASSETCATALOG_COMPILER_APPICON_NAME = AppIcon;
				ASSETCATALOG_COMPILER_GLOBAL_ACCENT_COLOR_NAME = AccentColor;
				CODE_SIGN_STYLE = Automatic;
				CURRENT_PROJECT_VERSION = 1;
				DEVELOPMENT_TEAM = T36TC3XHYJ;
				GENERATE_INFOPLIST_FILE = YES;
				INFOPLIST_FILE = "GitHub Followers/Info.plist";
				INFOPLIST_KEY_UIApplicationSupportsIndirectInputEvents = YES;
				INFOPLIST_KEY_UILaunchStoryboardName = LaunchScreen;
				INFOPLIST_KEY_UISupportedInterfaceOrientations = UIInterfaceOrientationPortrait;
				INFOPLIST_KEY_UISupportedInterfaceOrientations_iPad = "UIInterfaceOrientationPortrait UIInterfaceOrientationPortraitUpsideDown UIInterfaceOrientationLandscapeLeft UIInterfaceOrientationLandscapeRight";
				INFOPLIST_KEY_UISupportedInterfaceOrientations_iPhone = "UIInterfaceOrientationPortrait UIInterfaceOrientationLandscapeLeft UIInterfaceOrientationLandscapeRight";
				IPHONEOS_DEPLOYMENT_TARGET = 13.2;
				LD_RUNPATH_SEARCH_PATHS = (
					"$(inherited)",
					"@executable_path/Frameworks",
				);
				MARKETING_VERSION = 1.0;
				PRODUCT_BUNDLE_IDENTIFIER = "com.justin747.GitHub-Followers";
				PRODUCT_NAME = "$(TARGET_NAME)";
				SWIFT_EMIT_LOC_STRINGS = YES;
				SWIFT_VERSION = 5.0;
				TARGETED_DEVICE_FAMILY = 1;
			};
			name = Debug;
		};
		3B64238A275746860078F017 /* Release */ = {
			isa = XCBuildConfiguration;
			buildSettings = {
				ASSETCATALOG_COMPILER_APPICON_NAME = AppIcon;
				ASSETCATALOG_COMPILER_GLOBAL_ACCENT_COLOR_NAME = AccentColor;
				CODE_SIGN_STYLE = Automatic;
				CURRENT_PROJECT_VERSION = 1;
				DEVELOPMENT_TEAM = T36TC3XHYJ;
				GENERATE_INFOPLIST_FILE = YES;
				INFOPLIST_FILE = "GitHub Followers/Info.plist";
				INFOPLIST_KEY_UIApplicationSupportsIndirectInputEvents = YES;
				INFOPLIST_KEY_UILaunchStoryboardName = LaunchScreen;
				INFOPLIST_KEY_UISupportedInterfaceOrientations = UIInterfaceOrientationPortrait;
				INFOPLIST_KEY_UISupportedInterfaceOrientations_iPad = "UIInterfaceOrientationPortrait UIInterfaceOrientationPortraitUpsideDown UIInterfaceOrientationLandscapeLeft UIInterfaceOrientationLandscapeRight";
				INFOPLIST_KEY_UISupportedInterfaceOrientations_iPhone = "UIInterfaceOrientationPortrait UIInterfaceOrientationLandscapeLeft UIInterfaceOrientationLandscapeRight";
				IPHONEOS_DEPLOYMENT_TARGET = 13.2;
				LD_RUNPATH_SEARCH_PATHS = (
					"$(inherited)",
					"@executable_path/Frameworks",
				);
				MARKETING_VERSION = 1.0;
				PRODUCT_BUNDLE_IDENTIFIER = "com.justin747.GitHub-Followers";
				PRODUCT_NAME = "$(TARGET_NAME)";
				SWIFT_EMIT_LOC_STRINGS = YES;
				SWIFT_VERSION = 5.0;
				TARGETED_DEVICE_FAMILY = 1;
			};
			name = Release;
		};
/* End XCBuildConfiguration section */

/* Begin XCConfigurationList section */
		3B64236F275746820078F017 /* Build configuration list for PBXProject "GitHub Followers" */ = {
			isa = XCConfigurationList;
			buildConfigurations = (
				3B642386275746860078F017 /* Debug */,
				3B642387275746860078F017 /* Release */,
			);
			defaultConfigurationIsVisible = 0;
			defaultConfigurationName = Release;
		};
		3B642388275746860078F017 /* Build configuration list for PBXNativeTarget "GitHub Followers" */ = {
			isa = XCConfigurationList;
			buildConfigurations = (
				3B642389275746860078F017 /* Debug */,
				3B64238A275746860078F017 /* Release */,
			);
			defaultConfigurationIsVisible = 0;
			defaultConfigurationName = Release;
		};
/* End XCConfigurationList section */
	};
	rootObject = 3B64236C275746820078F017 /* Project object */;
}
